
Microsoft Visual Studio Solution File, Format Version 12.00
# Visual Studio Version 16
VisualStudioVersion = 16.0.33130.400
MinimumVisualStudioVersion = 10.0.40219.1
Project("{FAE04EC0-301F-11D3-BF4B-00C04F79EFBC}") = "Ejercicios", "Ejercicios.csproj", "{640934DB-C0F8-4F84-B884-6819C009034D}"
EndProject
Global
	GlobalSection(SolutionConfigurationPlatforms) = preSolution
		Debug|Any CPU = Debug|Any CPU
		Release|Any CPU = Release|Any CPU
	EndGlobalSection
	GlobalSection(ProjectConfigurationPlatforms) = postSolution
		{640934DB-C0F8-4F84-B884-6819C009034D}.Debug|Any CPU.ActiveCfg = Debug|Any CPU
		{640934DB-C0F8-4F84-B884-6819C009034D}.Debug|Any CPU.Build.0 = Debug|Any CPU
		{640934DB-C0F8-4F84-B884-6819C009034D}.Release|Any CPU.ActiveCfg = Release|Any CPU
		{640934DB-C0F8-4F84-B884-6819C009034D}.Release|Any CPU.Build.0 = Release|Any CPU
	EndGlobalSection
	GlobalSection(SolutionProperties) = preSolution
		HideSolutionNode = FALSE
	EndGlobalSection
	GlobalSection(ExtensibilityGlobals) = postSolution
		SolutionGuid = {F4E47C16-36B5-4B43-BE78-EC20434D4207}
	EndGlobalSection
EndGlobal
